// !$*UTF8*$!
{
	archiveVersion = 1;
	classes = {
	};
	objectVersion = 56;
	objects = {

/* Begin PBXBuildFile section */
		53C479EE2C00B647002261AB /* buttonsApp.swift in Sources */ = {isa = PBXBuildFile; fileRef = 53C479ED2C00B647002261AB /* buttonsApp.swift */; };
		53C479F02C00B647002261AB /* ContentView.swift in Sources */ = {isa = PBXBuildFile; fileRef = 53C479EF2C00B647002261AB /* ContentView.swift */; };
		53C479F22C00B648002261AB /* Assets.xcassets in Resources */ = {isa = PBXBuildFile; fileRef = 53C479F12C00B648002261AB /* Assets.xcassets */; };
		53C479F52C00B648002261AB /* Preview Assets.xcassets in Resources */ = {isa = PBXBuildFile; fileRef = 53C479F42C00B648002261AB /* Preview Assets.xcassets */; };
		53C479FF2C00B648002261AB /* buttonsTests.swift in Sources */ = {isa = PBXBuildFile; fileRef = 53C479FE2C00B648002261AB /* buttonsTests.swift */; };
		53C47A092C00B648002261AB /* buttonsUITests.swift in Sources */ = {isa = PBXBuildFile; fileRef = 53C47A082C00B648002261AB /* buttonsUITests.swift */; };
		53C47A0B2C00B648002261AB /* buttonsUITestsLaunchTests.swift in Sources */ = {isa = PBXBuildFile; fileRef = 53C47A0A2C00B648002261AB /* buttonsUITestsLaunchTests.swift */; };
/* End PBXBuildFile section */

/* Begin PBXContainerItemProxy section */
		53C479FB2C00B648002261AB /* PBXContainerItemProxy */ = {
			isa = PBXContainerItemProxy;
			containerPortal = 53C479E22C00B647002261AB /* Project object */;
			proxyType = 1;
			remoteGlobalIDString = 53C479E92C00B647002261AB;
			remoteInfo = buttons;
		};
		53C47A052C00B648002261AB /* PBXContainerItemProxy */ = {
			isa = PBXContainerItemProxy;
			containerPortal = 53C479E22C00B647002261AB /* Project object */;
			proxyType = 1;
			remoteGlobalIDString = 53C479E92C00B647002261AB;
			remoteInfo = buttons;
		};
/* End PBXContainerItemProxy section */

/* Begin PBXFileReference section */
		53C479EA2C00B647002261AB /* buttons.app */ = {isa = PBXFileReference; explicitFileType = wrapper.application; includeInIndex = 0; path = buttons.app; sourceTree = BUILT_PRODUCTS_DIR; };
		53C479ED2C00B647002261AB /* buttonsApp.swift */ = {isa = PBXFileReference; lastKnownFileType = sourcecode.swift; path = buttonsApp.swift; sourceTree = "<group>"; };
		53C479EF2C00B647002261AB /* ContentView.swift */ = {isa = PBXFileReference; lastKnownFileType = sourcecode.swift; path = ContentView.swift; sourceTree = "<group>"; };
		53C479F12C00B648002261AB /* Assets.xcassets */ = {isa = PBXFileReference; lastKnownFileType = folder.assetcatalog; path = Assets.xcassets; sourceTree = "<group>"; };
		53C479F42C00B648002261AB /* Preview Assets.xcassets */ = {isa = PBXFileReference; lastKnownFileType = folder.assetcatalog; path = "Preview Assets.xcassets"; sourceTree = "<group>"; };
		53C479FA2C00B648002261AB /* buttonsTests.xctest */ = {isa = PBXFileReference; explicitFileType = wrapper.cfbundle; includeInIndex = 0; path = buttonsTests.xctest; sourceTree = BUILT_PRODUCTS_DIR; };
		53C479FE2C00B648002261AB /* buttonsTests.swift */ = {isa = PBXFileReference; lastKnownFileType = sourcecode.swift; path = buttonsTests.swift; sourceTree = "<group>"; };
		53C47A042C00B648002261AB /* buttonsUITests.xctest */ = {isa = PBXFileReference; explicitFileType = wrapper.cfbundle; includeInIndex = 0; path = buttonsUITests.xctest; sourceTree = BUILT_PRODUCTS_DIR; };
		53C47A082C00B648002261AB /* buttonsUITests.swift */ = {isa = PBXFileReference; lastKnownFileType = sourcecode.swift; path = buttonsUITests.swift; sourceTree = "<group>"; };
		53C47A0A2C00B648002261AB /* buttonsUITestsLaunchTests.swift */ = {isa = PBXFileReference; lastKnownFileType = sourcecode.swift; path = buttonsUITestsLaunchTests.swift; sourceTree = "<group>"; };
/* End PBXFileReference section */

/* Begin PBXFrameworksBuildPhase section */
		53C479E72C00B647002261AB /* Frameworks */ = {
			isa = PBXFrameworksBuildPhase;
			buildActionMask = 2147483647;
			files = (
			);
			runOnlyForDeploymentPostprocessing = 0;
		};
		53C479F72C00B648002261AB /* Frameworks */ = {
			isa = PBXFrameworksBuildPhase;
			buildActionMask = 2147483647;
			files = (
			);
			runOnlyForDeploymentPostprocessing = 0;
		};
		53C47A012C00B648002261AB /* Frameworks */ = {
			isa = PBXFrameworksBuildPhase;
			buildActionMask = 2147483647;
			files = (
			);
			runOnlyForDeploymentPostprocessing = 0;
		};
/* End PBXFrameworksBuildPhase section */

/* Begin PBXGroup section */
		53C479E12C00B647002261AB = {
			isa = PBXGroup;
			children = (
				53C479EC2C00B647002261AB /* buttons */,
				53C479FD2C00B648002261AB /* buttonsTests */,
				53C47A072C00B648002261AB /* buttonsUITests */,
				53C479EB2C00B647002261AB /* Products */,
			);
			sourceTree = "<group>";
		};
		53C479EB2C00B647002261AB /* Products */ = {
			isa = PBXGroup;
			children = (
				53C479EA2C00B647002261AB /* buttons.app */,
				53C479FA2C00B648002261AB /* buttonsTests.xctest */,
				53C47A042C00B648002261AB /* buttonsUITests.xctest */,
			);
			name = Products;
			sourceTree = "<group>";
		};
		53C479EC2C00B647002261AB /* buttons */ = {
			isa = PBXGroup;
			children = (
				53C479ED2C00B647002261AB /* buttonsApp.swift */,
				53C479EF2C00B647002261AB /* ContentView.swift */,
				53C479F12C00B648002261AB /* Assets.xcassets */,
				53C479F32C00B648002261AB /* Preview Content */,
			);
			path = buttons;
			sourceTree = "<group>";
		};
		53C479F32C00B648002261AB /* Preview Content */ = {
			isa = PBXGroup;
			children = (
				53C479F42C00B648002261AB /* Preview Assets.xcassets */,
			);
			path = "Preview Content";
			sourceTree = "<group>";
		};
		53C479FD2C00B648002261AB /* buttonsTests */ = {
			isa = PBXGroup;
			children = (
				53C479FE2C00B648002261AB /* buttonsTests.swift */,
			);
			path = buttonsTests;
			sourceTree = "<group>";
		};
		53C47A072C00B648002261AB /* buttonsUITests */ = {
			isa = PBXGroup;
			children = (
				53C47A082C00B648002261AB /* buttonsUITests.swift */,
				53C47A0A2C00B648002261AB /* buttonsUITestsLaunchTests.swift */,
			);
			path = buttonsUITests;
			sourceTree = "<group>";
		};
/* End PBXGroup section */

/* Begin PBXNativeTarget section */
		53C479E92C00B647002261AB /* buttons */ = {
			isa = PBXNativeTarget;
			buildConfigurationList = 53C47A0E2C00B648002261AB /* Build configuration list for PBXNativeTarget "buttons" */;
			buildPhases = (
				53C479E62C00B647002261AB /* Sources */,
				53C479E72C00B647002261AB /* Frameworks */,
				53C479E82C00B647002261AB /* Resources */,
			);
			buildRules = (
			);
			dependencies = (
			);
			name = buttons;
			productName = buttons;
			productReference = 53C479EA2C00B647002261AB /* buttons.app */;
			productType = "com.apple.product-type.application";
		};
		53C479F92C00B648002261AB /* buttonsTests */ = {
			isa = PBXNativeTarget;
			buildConfigurationList = 53C47A112C00B648002261AB /* Build configuration list for PBXNativeTarget "buttonsTests" */;
			buildPhases = (
				53C479F62C00B648002261AB /* Sources */,
				53C479F72C00B648002261AB /* Frameworks */,
				53C479F82C00B648002261AB /* Resources */,
			);
			buildRules = (
			);
			dependencies = (
				53C479FC2C00B648002261AB /* PBXTargetDependency */,
			);
			name = buttonsTests;
			productName = buttonsTests;
			productReference = 53C479FA2C00B648002261AB /* buttonsTests.xctest */;
			productType = "com.apple.product-type.bundle.unit-test";
		};
		53C47A032C00B648002261AB /* buttonsUITests */ = {
			isa = PBXNativeTarget;
			buildConfigurationList = 53C47A142C00B648002261AB /* Build configuration list for PBXNativeTarget "buttonsUITests" */;
			buildPhases = (
				53C47A002C00B648002261AB /* Sources */,
				53C47A012C00B648002261AB /* Frameworks */,
				53C47A022C00B648002261AB /* Resources */,
			);
			buildRules = (
			);
			dependencies = (
				53C47A062C00B648002261AB /* PBXTargetDependency */,
			);
			name = buttonsUITests;
			productName = buttonsUITests;
			productReference = 53C47A042C00B648002261AB /* buttonsUITests.xctest */;
			productType = "com.apple.product-type.bundle.ui-testing";
		};
/* End PBXNativeTarget section */

/* Begin PBXProject section */
		53C479E22C00B647002261AB /* Project object */ = {
			isa = PBXProject;
			attributes = {
				BuildIndependentTargetsInParallel = 1;
				LastSwiftUpdateCheck = 1520;
				LastUpgradeCheck = 1520;
				TargetAttributes = {
					53C479E92C00B647002261AB = {
						CreatedOnToolsVersion = 15.2;
					};
					53C479F92C00B648002261AB = {
						CreatedOnToolsVersion = 15.2;
						TestTargetID = 53C479E92C00B647002261AB;
					};
					53C47A032C00B648002261AB = {
						CreatedOnToolsVersion = 15.2;
						TestTargetID = 53C479E92C00B647002261AB;
					};
				};
			};
			buildConfigurationList = 53C479E52C00B647002261AB /* Build configuration list for PBXProject "buttons" */;
			compatibilityVersion = "Xcode 14.0";
			developmentRegion = en;
			hasScannedForEncodings = 0;
			knownRegions = (
				en,
				Base,
			);
			mainGroup = 53C479E12C00B647002261AB;
			productRefGroup = 53C479EB2C00B647002261AB /* Products */;
			projectDirPath = "";
			projectRoot = "";
			targets = (
				53C479E92C00B647002261AB /* buttons */,
				53C479F92C00B648002261AB /* buttonsTests */,
				53C47A032C00B648002261AB /* buttonsUITests */,
			);
		};
/* End PBXProject section */

/* Begin PBXResourcesBuildPhase section */
		53C479E82C00B647002261AB /* Resources */ = {
			isa = PBXResourcesBuildPhase;
			buildActionMask = 2147483647;
			files = (
				53C479F52C00B648002261AB /* Preview Assets.xcassets in Resources */,
				53C479F22C00B648002261AB /* Assets.xcassets in Resources */,
			);
			runOnlyForDeploymentPostprocessing = 0;
		};
		53C479F82C00B648002261AB /* Resources */ = {
			isa = PBXResourcesBuildPhase;
			buildActionMask = 2147483647;
			files = (
			);
			runOnlyForDeploymentPostprocessing = 0;
		};
		53C47A022C00B648002261AB /* Resources */ = {
			isa = PBXResourcesBuildPhase;
			buildActionMask = 2147483647;
			files = (
			);
			runOnlyForDeploymentPostprocessing = 0;
		};
/* End PBXResourcesBuildPhase section */

/* Begin PBXSourcesBuildPhase section */
		53C479E62C00B647002261AB /* Sources */ = {
			isa = PBXSourcesBuildPhase;
			buildActionMask = 2147483647;
			files = (
				53C479F02C00B647002261AB /* ContentView.swift in Sources */,
				53C479EE2C00B647002261AB /* buttonsApp.swift in Sources */,
			);
			runOnlyForDeploymentPostprocessing = 0;
		};
		53C479F62C00B648002261AB /* Sources */ = {
			isa = PBXSourcesBuildPhase;
			buildActionMask = 2147483647;
			files = (
				53C479FF2C00B648002261AB /* buttonsTests.swift in Sources */,
			);
			runOnlyForDeploymentPostprocessing = 0;
		};
		53C47A002C00B648002261AB /* Sources */ = {
			isa = PBXSourcesBuildPhase;
			buildActionMask = 2147483647;
			files = (
				53C47A0B2C00B648002261AB /* buttonsUITestsLaunchTests.swift in Sources */,
				53C47A092C00B648002261AB /* buttonsUITests.swift in Sources */,
			);
			runOnlyForDeploymentPostprocessing = 0;
		};
/* End PBXSourcesBuildPhase section */

/* Begin PBXTargetDependency section */
		53C479FC2C00B648002261AB /* PBXTargetDependency */ = {
			isa = PBXTargetDependency;
			target = 53C479E92C00B647002261AB /* buttons */;
			targetProxy = 53C479FB2C00B648002261AB /* PBXContainerItemProxy */;
		};
		53C47A062C00B648002261AB /* PBXTargetDependency */ = {
			isa = PBXTargetDependency;
			target = 53C479E92C00B647002261AB /* buttons */;
			targetProxy = 53C47A052C00B648002261AB /* PBXContainerItemProxy */;
		};
/* End PBXTargetDependency section */

/* Begin XCBuildConfiguration section */
		53C47A0C2C00B648002261AB /* Debug */ = {
			isa = XCBuildConfiguration;
			buildSettings = {
				ALWAYS_SEARCH_USER_PATHS = NO;
				ASSETCATALOG_COMPILER_GENERATE_SWIFT_ASSET_SYMBOL_EXTENSIONS = YES;
				CLANG_ANALYZER_NONNULL = YES;
				CLANG_ANALYZER_NUMBER_OBJECT_CONVERSION = YES_AGGRESSIVE;
				CLANG_CXX_LANGUAGE_STANDARD = "gnu++20";
				CLANG_ENABLE_MODULES = YES;
				CLANG_ENABLE_OBJC_ARC = YES;
				CLANG_ENABLE_OBJC_WEAK = YES;
				CLANG_WARN_BLOCK_CAPTURE_AUTORELEASING = YES;
				CLANG_WARN_BOOL_CONVERSION = YES;
				CLANG_WARN_COMMA = YES;
				CLANG_WARN_CONSTANT_CONVERSION = YES;
				CLANG_WARN_DEPRECATED_OBJC_IMPLEMENTATIONS = YES;
				CLANG_WARN_DIRECT_OBJC_ISA_USAGE = YES_ERROR;
				CLANG_WARN_DOCUMENTATION_COMMENTS = YES;
				CLANG_WARN_EMPTY_BODY = YES;
				CLANG_WARN_ENUM_CONVERSION = YES;
				CLANG_WARN_INFINITE_RECURSION = YES;
				CLANG_WARN_INT_CONVERSION = YES;
				CLANG_WARN_NON_LITERAL_NULL_CONVERSION = YES;
				CLANG_WARN_OBJC_IMPLICIT_RETAIN_SELF = YES;
				CLANG_WARN_OBJC_LITERAL_CONVERSION = YES;
				CLANG_WARN_OBJC_ROOT_CLASS = YES_ERROR;
				CLANG_WARN_QUOTED_INCLUDE_IN_FRAMEWORK_HEADER = YES;
				CLANG_WARN_RANGE_LOOP_ANALYSIS = YES;
				CLANG_WARN_STRICT_PROTOTYPES = YES;
				CLANG_WARN_SUSPICIOUS_MOVE = YES;
				CLANG_WARN_UNGUARDED_AVAILABILITY = YES_AGGRESSIVE;
				CLANG_WARN_UNREACHABLE_CODE = YES;
				CLANG_WARN__DUPLICATE_METHOD_MATCH = YES;
				COPY_PHASE_STRIP = NO;
				DEBUG_INFORMATION_FORMAT = dwarf;
				ENABLE_STRICT_OBJC_MSGSEND = YES;
				ENABLE_TESTABILITY = YES;
				ENABLE_USER_SCRIPT_SANDBOXING = YES;
				GCC_C_LANGUAGE_STANDARD = gnu17;
				GCC_DYNAMIC_NO_PIC = NO;
				GCC_NO_COMMON_BLOCKS = YES;
				GCC_OPTIMIZATION_LEVEL = 0;
				GCC_PREPROCESSOR_DEFINITIONS = (
					"DEBUG=1",
					"$(inherited)",
				);
				GCC_WARN_64_TO_32_BIT_CONVERSION = YES;
				GCC_WARN_ABOUT_RETURN_TYPE = YES_ERROR;
				GCC_WARN_UNDECLARED_SELECTOR = YES;
				GCC_WARN_UNINITIALIZED_AUTOS = YES_AGGRESSIVE;
				GCC_WARN_UNUSED_FUNCTION = YES;
				GCC_WARN_UNUSED_VARIABLE = YES;
				IPHONEOS_DEPLOYMENT_TARGET = 17.2;
				LOCALIZATION_PREFERS_STRING_CATALOGS = YES;
				MTL_ENABLE_DEBUG_INFO = INCLUDE_SOURCE;
				MTL_FAST_MATH = YES;
				ONLY_ACTIVE_ARCH = YES;
				SDKROOT = iphoneos;
				SWIFT_ACTIVE_COMPILATION_CONDITIONS = "DEBUG $(inherited)";
				SWIFT_OPTIMIZATION_LEVEL = "-Onone";
			};
			name = Debug;
		};
		53C47A0D2C00B648002261AB /* Release */ = {
			isa = XCBuildConfiguration;
			buildSettings = {
				ALWAYS_SEARCH_USER_PATHS = NO;
				ASSETCATALOG_COMPILER_GENERATE_SWIFT_ASSET_SYMBOL_EXTENSIONS = YES;
				CLANG_ANALYZER_NONNULL = YES;
				CLANG_ANALYZER_NUMBER_OBJECT_CONVERSION = YES_AGGRESSIVE;
				CLANG_CXX_LANGUAGE_STANDARD = "gnu++20";
				CLANG_ENABLE_MODULES = YES;
				CLANG_ENABLE_OBJC_ARC = YES;
				CLANG_ENABLE_OBJC_WEAK = YES;
				CLANG_WARN_BLOCK_CAPTURE_AUTORELEASING = YES;
				CLANG_WARN_BOOL_CONVERSION = YES;
				CLANG_WARN_COMMA = YES;
				CLANG_WARN_CONSTANT_CONVERSION = YES;
				CLANG_WARN_DEPRECATED_OBJC_IMPLEMENTATIONS = YES;
				CLANG_WARN_DIRECT_OBJC_ISA_USAGE = YES_ERROR;
				CLANG_WARN_DOCUMENTATION_COMMENTS = YES;
				CLANG_WARN_EMPTY_BODY = YES;
				CLANG_WARN_ENUM_CONVERSION = YES;
				CLANG_WARN_INFINITE_RECURSION = YES;
				CLANG_WARN_INT_CONVERSION = YES;
				CLANG_WARN_NON_LITERAL_NULL_CONVERSION = YES;
				CLANG_WARN_OBJC_IMPLICIT_RETAIN_SELF = YES;
				CLANG_WARN_OBJC_LITERAL_CONVERSION = YES;
				CLANG_WARN_OBJC_ROOT_CLASS = YES_ERROR;
				CLANG_WARN_QUOTED_INCLUDE_IN_FRAMEWORK_HEADER = YES;
				CLANG_WARN_RANGE_LOOP_ANALYSIS = YES;
				CLANG_WARN_STRICT_PROTOTYPES = YES;
				CLANG_WARN_SUSPICIOUS_MOVE = YES;
				CLANG_WARN_UNGUARDED_AVAILABILITY = YES_AGGRESSIVE;
				CLANG_WARN_UNREACHABLE_CODE = YES;
				CLANG_WARN__DUPLICATE_METHOD_MATCH = YES;
				COPY_PHASE_STRIP = NO;
				DEBUG_INFORMATION_FORMAT = "dwarf-with-dsym";
				ENABLE_NS_ASSERTIONS = NO;
				ENABLE_STRICT_OBJC_MSGSEND = YES;
				ENABLE_USER_SCRIPT_SANDBOXING = YES;
				GCC_C_LANGUAGE_STANDARD = gnu17;
				GCC_NO_COMMON_BLOCKS = YES;
				GCC_WARN_64_TO_32_BIT_CONVERSION = YES;
				GCC_WARN_ABOUT_RETURN_TYPE = YES_ERROR;
				GCC_WARN_UNDECLARED_SELECTOR = YES;
				GCC_WARN_UNINITIALIZED_AUTOS = YES_AGGRESSIVE;
				GCC_WARN_UNUSED_FUNCTION = YES;
				GCC_WARN_UNUSED_VARIABLE = YES;
				IPHONEOS_DEPLOYMENT_TARGET = 17.2;
				LOCALIZATION_PREFERS_STRING_CATALOGS = YES;
				MTL_ENABLE_DEBUG_INFO = NO;
				MTL_FAST_MATH = YES;
				SDKROOT = iphoneos;
				SWIFT_COMPILATION_MODE = wholemodule;
				VALIDATE_PRODUCT = YES;
			};
			name = Release;
		};
		53C47A0F2C00B648002261AB /* Debug */ = {
			isa = XCBuildConfiguration;
			buildSettings = {
				ASSETCATALOG_COMPILER_APPICON_NAME = AppIcon;
				ASSETCATALOG_COMPILER_GLOBAL_ACCENT_COLOR_NAME = AccentColor;
				CODE_SIGN_STYLE = Automatic;
				CURRENT_PROJECT_VERSION = 1;
				DEVELOPMENT_ASSET_PATHS = "\"buttons/Preview Content\"";
				DEVELOPMENT_TEAM = X9SS7J9TB4;
				ENABLE_PREVIEWS = YES;
				GENERATE_INFOPLIST_FILE = YES;
				INFOPLIST_KEY_UIApplicationSceneManifest_Generation = YES;
				INFOPLIST_KEY_UIApplicationSupportsIndirectInputEvents = YES;
				INFOPLIST_KEY_UILaunchScreen_Generation = YES;
				INFOPLIST_KEY_UISupportedInterfaceOrientations_iPad = "UIInterfaceOrientationPortrait UIInterfaceOrientationPortraitUpsideDown UIInterfaceOrientationLandscapeLeft UIInterfaceOrientationLandscapeRight";
				INFOPLIST_KEY_UISupportedInterfaceOrientations_iPhone = "UIInterfaceOrientationPortrait UIInterfaceOrientationLandscapeLeft UIInterfaceOrientationLandscapeRight";
				LD_RUNPATH_SEARCH_PATHS = (
					"$(inherited)",
					"@executable_path/Frameworks",
				);
				MARKETING_VERSION = 1.0;
				PRODUCT_BUNDLE_IDENTIFIER = com.varvara.buttons;
				PRODUCT_NAME = "$(TARGET_NAME)";
				SWIFT_EMIT_LOC_STRINGS = YES;
				SWIFT_VERSION = 5.0;
				TARGETED_DEVICE_FAMILY = "1,2";
			};
			name = Debug;
		};
		53C47A102C00B648002261AB /* Release */ = {
			isa = XCBuildConfiguration;
			buildSettings = {
				ASSETCATALOG_COMPILER_APPICON_NAME = AppIcon;
				ASSETCATALOG_COMPILER_GLOBAL_ACCENT_COLOR_NAME = AccentColor;
				CODE_SIGN_STYLE = Automatic;
				CURRENT_PROJECT_VERSION = 1;
				DEVELOPMENT_ASSET_PATHS = "\"buttons/Preview Content\"";
				DEVELOPMENT_TEAM = X9SS7J9TB4;
				ENABLE_PREVIEWS = YES;
				GENERATE_INFOPLIST_FILE = YES;
				INFOPLIST_KEY_UIApplicationSceneManifest_Generation = YES;
				INFOPLIST_KEY_UIApplicationSupportsIndirectInputEvents = YES;
				INFOPLIST_KEY_UILaunchScreen_Generation = YES;
				INFOPLIST_KEY_UISupportedInterfaceOrientations_iPad = "UIInterfaceOrientationPortrait UIInterfaceOrientationPortraitUpsideDown UIInterfaceOrientationLandscapeLeft UIInterfaceOrientationLandscapeRight";
				INFOPLIST_KEY_UISupportedInterfaceOrientations_iPhone = "UIInterfaceOrientationPortrait UIInterfaceOrientationLandscapeLeft UIInterfaceOrientationLandscapeRight";
				LD_RUNPATH_SEARCH_PATHS = (
					"$(inherited)",
					"@executable_path/Frameworks",
				);
				MARKETING_VERSION = 1.0;
				PRODUCT_BUNDLE_IDENTIFIER = com.varvara.buttons;
				PRODUCT_NAME = "$(TARGET_NAME)";
				SWIFT_EMIT_LOC_STRINGS = YES;
				SWIFT_VERSION = 5.0;
				TARGETED_DEVICE_FAMILY = "1,2";
			};
			name = Release;
		};
		53C47A122C00B648002261AB /* Debug */ = {
			isa = XCBuildConfiguration;
			buildSettings = {
				ALWAYS_EMBED_SWIFT_STANDARD_LIBRARIES = YES;
				BUNDLE_LOADER = "$(TEST_HOST)";
				CODE_SIGN_STYLE = Automatic;
				CURRENT_PROJECT_VERSION = 1;
				DEVELOPMENT_TEAM = X9SS7J9TB4;
				GENERATE_INFOPLIST_FILE = YES;
				IPHONEOS_DEPLOYMENT_TARGET = 17.2;
				MARKETING_VERSION = 1.0;
				PRODUCT_BUNDLE_IDENTIFIER = com.varvara.buttonsTests;
				PRODUCT_NAME = "$(TARGET_NAME)";
				SWIFT_EMIT_LOC_STRINGS = NO;
				SWIFT_VERSION = 5.0;
				TARGETED_DEVICE_FAMILY = "1,2";
				TEST_HOST = "$(BUILT_PRODUCTS_DIR)/buttons.app/$(BUNDLE_EXECUTABLE_FOLDER_PATH)/buttons";
			};
			name = Debug;
		};
		53C47A132C00B648002261AB /* Release */ = {
			isa = XCBuildConfiguration;
			buildSettings = {
				ALWAYS_EMBED_SWIFT_STANDARD_LIBRARIES = YES;
				BUNDLE_LOADER = "$(TEST_HOST)";
				CODE_SIGN_STYLE = Automatic;
				CURRENT_PROJECT_VERSION = 1;
				DEVELOPMENT_TEAM = X9SS7J9TB4;
				GENERATE_INFOPLIST_FILE = YES;
				IPHONEOS_DEPLOYMENT_TARGET = 17.2;
				MARKETING_VERSION = 1.0;
				PRODUCT_BUNDLE_IDENTIFIER = com.varvara.buttonsTests;
				PRODUCT_NAME = "$(TARGET_NAME)";
				SWIFT_EMIT_LOC_STRINGS = NO;
				SWIFT_VERSION = 5.0;
				TARGETED_DEVICE_FAMILY = "1,2";
				TEST_HOST = "$(BUILT_PRODUCTS_DIR)/buttons.app/$(BUNDLE_EXECUTABLE_FOLDER_PATH)/buttons";
			};
			name = Release;
		};
		53C47A152C00B648002261AB /* Debug */ = {
			isa = XCBuildConfiguration;
			buildSettings = {
				ALWAYS_EMBED_SWIFT_STANDARD_LIBRARIES = YES;
				CODE_SIGN_STYLE = Automatic;
				CURRENT_PROJECT_VERSION = 1;
				DEVELOPMENT_TEAM = X9SS7J9TB4;
				GENERATE_INFOPLIST_FILE = YES;
				MARKETING_VERSION = 1.0;
				PRODUCT_BUNDLE_IDENTIFIER = com.varvara.buttonsUITests;
				PRODUCT_NAME = "$(TARGET_NAME)";
				SWIFT_EMIT_LOC_STRINGS = NO;
				SWIFT_VERSION = 5.0;
				TARGETED_DEVICE_FAMILY = "1,2";
				TEST_TARGET_NAME = buttons;
			};
			name = Debug;
		};
		53C47A162C00B648002261AB /* Release */ = {
			isa = XCBuildConfiguration;
			buildSettings = {
				ALWAYS_EMBED_SWIFT_STANDARD_LIBRARIES = YES;
				CODE_SIGN_STYLE = Automatic;
				CURRENT_PROJECT_VERSION = 1;
				DEVELOPMENT_TEAM = X9SS7J9TB4;
				GENERATE_INFOPLIST_FILE = YES;
				MARKETING_VERSION = 1.0;
				PRODUCT_BUNDLE_IDENTIFIER = com.varvara.buttonsUITests;
				PRODUCT_NAME = "$(TARGET_NAME)";
				SWIFT_EMIT_LOC_STRINGS = NO;
				SWIFT_VERSION = 5.0;
				TARGETED_DEVICE_FAMILY = "1,2";
				TEST_TARGET_NAME = buttons;
			};
			name = Release;
		};
/* End XCBuildConfiguration section */

/* Begin XCConfigurationList section */
		53C479E52C00B647002261AB /* Build configuration list for PBXProject "buttons" */ = {
			isa = XCConfigurationList;
			buildConfigurations = (
				53C47A0C2C00B648002261AB /* Debug */,
				53C47A0D2C00B648002261AB /* Release */,
			);
			defaultConfigurationIsVisible = 0;
			defaultConfigurationName = Release;
		};
		53C47A0E2C00B648002261AB /* Build configuration list for PBXNativeTarget "buttons" */ = {
			isa = XCConfigurationList;
			buildConfigurations = (
				53C47A0F2C00B648002261AB /* Debug */,
				53C47A102C00B648002261AB /* Release */,
			);
			defaultConfigurationIsVisible = 0;
			defaultConfigurationName = Release;
		};
		53C47A112C00B648002261AB /* Build configuration list for PBXNativeTarget "buttonsTests" */ = {
			isa = XCConfigurationList;
			buildConfigurations = (
				53C47A122C00B648002261AB /* Debug */,
				53C47A132C00B648002261AB /* Release */,
			);
			defaultConfigurationIsVisible = 0;
			defaultConfigurationName = Release;
		};
		53C47A142C00B648002261AB /* Build configuration list for PBXNativeTarget "buttonsUITests" */ = {
			isa = XCConfigurationList;
			buildConfigurations = (
				53C47A152C00B648002261AB /* Debug */,
				53C47A162C00B648002261AB /* Release */,
			);
			defaultConfigurationIsVisible = 0;
			defaultConfigurationName = Release;
		};
/* End XCConfigurationList section */
	};
	rootObject = 53C479E22C00B647002261AB /* Project object */;
}
